// !$*UTF8*$!
{
	archiveVersion = 1;
	classes = {
	};
	objectVersion = 77;
	objects = {

/* Begin PBXBuildFile section */
		1B38181FC2E545501F9A976F /* TreeMapView.swift in Sources */ = {isa = PBXBuildFile; fileRef = 9638834A0401740725EDB841 /* TreeMapView.swift */; };
		40E70D8FDD84DBDF1215BDC8 /* SkimapApp.swift in Sources */ = {isa = PBXBuildFile; fileRef = C744C6A74624CF227524E6CD /* SkimapApp.swift */; };
		4E42813B110745C43C4B6E47 /* TreeMapLayout.swift in Sources */ = {isa = PBXBuildFile; fileRef = 2C263896A6C494303492F1E4 /* TreeMapLayout.swift */; };
		5729A7AD9D23B701085603BA /* DiskScanner.swift in Sources */ = {isa = PBXBuildFile; fileRef = 5176787614FEF440E5D12EBC /* DiskScanner.swift */; };
		717C5131B050A4E3A3310FAF /* FileNode.swift in Sources */ = {isa = PBXBuildFile; fileRef = 057E63CC9C3288670FCAFBA0 /* FileNode.swift */; };
		7FDE8CA5598747E075CC4399 /* ContentView.swift in Sources */ = {isa = PBXBuildFile; fileRef = CC764EE26783B02BD97A4F30 /* ContentView.swift */; };
		E3DD070022AAF32156034C11 /* ScanCache.swift in Sources */ = {isa = PBXBuildFile; fileRef = 1A10EBCB33619B449F023FD5 /* ScanCache.swift */; };
/* End PBXBuildFile section */

/* Begin PBXFileReference section */
		057E63CC9C3288670FCAFBA0 /* FileNode.swift */ = {isa = PBXFileReference; lastKnownFileType = sourcecode.swift; path = FileNode.swift; sourceTree = "<group>"; };
		1A10EBCB33619B449F023FD5 /* ScanCache.swift */ = {isa = PBXFileReference; lastKnownFileType = sourcecode.swift; path = ScanCache.swift; sourceTree = "<group>"; };
		2C263896A6C494303492F1E4 /* TreeMapLayout.swift */ = {isa = PBXFileReference; lastKnownFileType = sourcecode.swift; path = TreeMapLayout.swift; sourceTree = "<group>"; };
		37DED30CE4B43B9B6BF6F9D7 /* Skimap.app */ = {isa = PBXFileReference; explicitFileType = wrapper.application; includeInIndex = 0; path = Skimap.app; sourceTree = BUILT_PRODUCTS_DIR; };
		5176787614FEF440E5D12EBC /* DiskScanner.swift */ = {isa = PBXFileReference; lastKnownFileType = sourcecode.swift; path = DiskScanner.swift; sourceTree = "<group>"; };
		9638834A0401740725EDB841 /* TreeMapView.swift */ = {isa = PBXFileReference; lastKnownFileType = sourcecode.swift; path = TreeMapView.swift; sourceTree = "<group>"; };
		C744C6A74624CF227524E6CD /* SkimapApp.swift */ = {isa = PBXFileReference; lastKnownFileType = sourcecode.swift; path = SkimapApp.swift; sourceTree = "<group>"; };
		CC764EE26783B02BD97A4F30 /* ContentView.swift */ = {isa = PBXFileReference; lastKnownFileType = sourcecode.swift; path = ContentView.swift; sourceTree = "<group>"; };
/* End PBXFileReference section */

/* Begin PBXGroup section */
		0DD13E7DDFB756EA3F1A00F0 /* Sources */ = {
			isa = PBXGroup;
			children = (
				CC764EE26783B02BD97A4F30 /* ContentView.swift */,
				5176787614FEF440E5D12EBC /* DiskScanner.swift */,
				057E63CC9C3288670FCAFBA0 /* FileNode.swift */,
				1A10EBCB33619B449F023FD5 /* ScanCache.swift */,
				C744C6A74624CF227524E6CD /* SkimapApp.swift */,
				2C263896A6C494303492F1E4 /* TreeMapLayout.swift */,
				9638834A0401740725EDB841 /* TreeMapView.swift */,
			);
			name = Sources;
			path = Skimap/Sources;
			sourceTree = "<group>";
		};
		AA2DB2F6F7018086838045BF = {
			isa = PBXGroup;
			children = (
				0DD13E7DDFB756EA3F1A00F0 /* Sources */,
				D00BF2B3EF076BE408211CC1 /* Products */,
			);
			sourceTree = "<group>";
		};
		D00BF2B3EF076BE408211CC1 /* Products */ = {
			isa = PBXGroup;
			children = (
				37DED30CE4B43B9B6BF6F9D7 /* Skimap.app */,
			);
			name = Products;
			sourceTree = "<group>";
		};
/* End PBXGroup section */

/* Begin PBXNativeTarget section */
		790E6BE9B205123C71E89E07 /* Skimap */ = {
			isa = PBXNativeTarget;
			buildConfigurationList = 2F25EFED198917DB1F7EEAC4 /* Build configuration list for PBXNativeTarget "Skimap" */;
			buildPhases = (
				55EE27744921DFAF00FD4202 /* Sources */,
			);
			buildRules = (
			);
			dependencies = (
			);
			name = Skimap;
			packageProductDependencies = (
			);
			productName = Skimap;
			productReference = 37DED30CE4B43B9B6BF6F9D7 /* Skimap.app */;
			productType = "com.apple.product-type.application";
		};
/* End PBXNativeTarget section */

/* Begin PBXProject section */
		377BD757ABF8DBFC4E3D3993 /* Project object */ = {
			isa = PBXProject;
			attributes = {
				BuildIndependentTargetsInParallel = YES;
				LastUpgradeCheck = 1500;
				TargetAttributes = {
					790E6BE9B205123C71E89E07 = {
						DevelopmentTeam = "";
						ProvisioningStyle = Automatic;
					};
				};
			};
			buildConfigurationList = A92DBABE771848815D37B10A /* Build configuration list for PBXProject "Skimap" */;
			compatibilityVersion = "Xcode 14.0";
			developmentRegion = en;
			hasScannedForEncodings = 0;
			knownRegions = (
				Base,
				en,
			);
			mainGroup = AA2DB2F6F7018086838045BF;
			minimizedProjectReferenceProxies = 1;
			preferredProjectObjectVersion = 77;
			projectDirPath = "";
			projectRoot = "";
			targets = (
				790E6BE9B205123C71E89E07 /* Skimap */,
			);
		};
/* End PBXProject section */

/* Begin PBXSourcesBuildPhase section */
		55EE27744921DFAF00FD4202 /* Sources */ = {
			isa = PBXSourcesBuildPhase;
			buildActionMask = 2147483647;
			files = (
				7FDE8CA5598747E075CC4399 /* ContentView.swift in Sources */,
				5729A7AD9D23B701085603BA /* DiskScanner.swift in Sources */,
				717C5131B050A4E3A3310FAF /* FileNode.swift in Sources */,
				E3DD070022AAF32156034C11 /* ScanCache.swift in Sources */,
				40E70D8FDD84DBDF1215BDC8 /* SkimapApp.swift in Sources */,
				4E42813B110745C43C4B6E47 /* TreeMapLayout.swift in Sources */,
				1B38181FC2E545501F9A976F /* TreeMapView.swift in Sources */,
			);
			runOnlyForDeploymentPostprocessing = 0;
		};
/* End PBXSourcesBuildPhase section */

/* Begin XCBuildConfiguration section */
		0D2A3682CF444D5B2A406E54 /* Debug */ = {
			isa = XCBuildConfiguration;
			buildSettings = {
				ASSETCATALOG_COMPILER_APPICON_NAME = AppIcon;
				CODE_SIGN_ENTITLEMENTS = Skimap/Sources/Skimap.entitlements;
				CODE_SIGN_STYLE = Automatic;
				COMBINE_HIDPI_IMAGES = YES;
				DEVELOPMENT_TEAM = "";
				ENABLE_HARDENED_RUNTIME = YES;
				INFOPLIST_FILE = Skimap/Sources/Info.plist;
				LD_RUNPATH_SEARCH_PATHS = (
					"$(inherited)",
					"@executable_path/../Frameworks",
				);
				MACOSX_DEPLOYMENT_TARGET = 13.0;
				PRODUCT_BUNDLE_IDENTIFIER = com.skimap.app;
				PRODUCT_NAME = Skimap;
				SDKROOT = macosx;
				SWIFT_VERSION = 5.9;
			};
			name = Debug;
		};
		194BC95F4D390FF704CE1D9C /* Debug */ = {
			isa = XCBuildConfiguration;
			buildSettings = {
				ALWAYS_SEARCH_USER_PATHS = NO;
				CLANG_ANALYZER_NONNULL = YES;
				CLANG_ANALYZER_NUMBER_OBJECT_CONVERSION = YES_AGGRESSIVE;
				CLANG_CXX_LANGUAGE_STANDARD = "gnu++14";
				CLANG_CXX_LIBRARY = "libc++";
				CLANG_ENABLE_MODULES = YES;
				CLANG_ENABLE_OBJC_ARC = YES;
				CLANG_ENABLE_OBJC_WEAK = YES;
				CLANG_WARN_BLOCK_CAPTURE_AUTORELEASING = YES;
				CLANG_WARN_BOOL_CONVERSION = YES;
				CLANG_WARN_COMMA = YES;
				CLANG_WARN_CONSTANT_CONVERSION = YES;
				CLANG_WARN_DEPRECATED_OBJC_IMPLEMENTATIONS = YES;
				CLANG_WARN_DIRECT_OBJC_ISA_USAGE = YES_ERROR;
				CLANG_WARN_DOCUMENTATION_COMMENTS = YES;
				CLANG_WARN_EMPTY_BODY = YES;
				CLANG_WARN_ENUM_CONVERSION = YES;
				CLANG_WARN_INFINITE_RECURSION = YES;
				CLANG_WARN_INT_CONVERSION = YES;
				CLANG_WARN_NON_LITERAL_NULL_CONVERSION = YES;
				CLANG_WARN_OBJC_IMPLICIT_RETAIN_SELF = YES;
				CLANG_WARN_OBJC_LITERAL_CONVERSION = YES;
				CLANG_WARN_OBJC_ROOT_CLASS = YES_ERROR;
				CLANG_WARN_QUOTED_INCLUDE_IN_FRAMEWORK_HEADER = YES;
				CLANG_WARN_RANGE_LOOP_ANALYSIS = YES;
				CLANG_WARN_STRICT_PROTOTYPES = YES;
				CLANG_WARN_SUSPICIOUS_MOVE = YES;
				CLANG_WARN_UNGUARDED_AVAILABILITY = YES_AGGRESSIVE;
				CLANG_WARN_UNREACHABLE_CODE = YES;
				CLANG_WARN__DUPLICATE_METHOD_MATCH = YES;
				COPY_PHASE_STRIP = NO;
				DEBUG_INFORMATION_FORMAT = dwarf;
				ENABLE_HARDENED_RUNTIME = YES;
				ENABLE_STRICT_OBJC_MSGSEND = YES;
				ENABLE_TESTABILITY = YES;
				GCC_C_LANGUAGE_STANDARD = gnu11;
				GCC_DYNAMIC_NO_PIC = NO;
				GCC_NO_COMMON_BLOCKS = YES;
				GCC_OPTIMIZATION_LEVEL = 0;
				GCC_PREPROCESSOR_DEFINITIONS = (
					"$(inherited)",
					"DEBUG=1",
				);
				GCC_WARN_64_TO_32_BIT_CONVERSION = YES;
				GCC_WARN_ABOUT_RETURN_TYPE = YES_ERROR;
				GCC_WARN_UNDECLARED_SELECTOR = YES;
				GCC_WARN_UNINITIALIZED_AUTOS = YES_AGGRESSIVE;
				GCC_WARN_UNUSED_FUNCTION = YES;
				GCC_WARN_UNUSED_VARIABLE = YES;
				MACOSX_DEPLOYMENT_TARGET = 13.0;
				MTL_ENABLE_DEBUG_INFO = INCLUDE_SOURCE;
				MTL_FAST_MATH = YES;
				ONLY_ACTIVE_ARCH = YES;
				PRODUCT_NAME = "$(TARGET_NAME)";
				SDKROOT = macosx;
				SWIFT_ACTIVE_COMPILATION_CONDITIONS = DEBUG;
				SWIFT_OPTIMIZATION_LEVEL = "-Onone";
				SWIFT_VERSION = 5.9;
			};
			name = Debug;
		};
		9EDDF0B97B7C125D1DA69EAD /* Release */ = {
			isa = XCBuildConfiguration;
			buildSettings = {
				ASSETCATALOG_COMPILER_APPICON_NAME = AppIcon;
				CODE_SIGN_ENTITLEMENTS = Skimap/Sources/Skimap.entitlements;
				CODE_SIGN_STYLE = Automatic;
				COMBINE_HIDPI_IMAGES = YES;
				DEVELOPMENT_TEAM = "";
				ENABLE_HARDENED_RUNTIME = YES;
				INFOPLIST_FILE = Skimap/Sources/Info.plist;
				LD_RUNPATH_SEARCH_PATHS = (
					"$(inherited)",
					"@executable_path/../Frameworks",
				);
				MACOSX_DEPLOYMENT_TARGET = 13.0;
				PRODUCT_BUNDLE_IDENTIFIER = com.skimap.app;
				PRODUCT_NAME = Skimap;
				SDKROOT = macosx;
				SWIFT_VERSION = 5.9;
			};
			name = Release;
		};
		E842C404556E5FF95C566D78 /* Release */ = {
			isa = XCBuildConfiguration;
			buildSettings = {
				ALWAYS_SEARCH_USER_PATHS = NO;
				CLANG_ANALYZER_NONNULL = YES;
				CLANG_ANALYZER_NUMBER_OBJECT_CONVERSION = YES_AGGRESSIVE;
				CLANG_CXX_LANGUAGE_STANDARD = "gnu++14";
				CLANG_CXX_LIBRARY = "libc++";
				CLANG_ENABLE_MODULES = YES;
				CLANG_ENABLE_OBJC_ARC = YES;
				CLANG_ENABLE_OBJC_WEAK = YES;
				CLANG_WARN_BLOCK_CAPTURE_AUTORELEASING = YES;
				CLANG_WARN_BOOL_CONVERSION = YES;
				CLANG_WARN_COMMA = YES;
				CLANG_WARN_CONSTANT_CONVERSION = YES;
				CLANG_WARN_DEPRECATED_OBJC_IMPLEMENTATIONS = YES;
				CLANG_WARN_DIRECT_OBJC_ISA_USAGE = YES_ERROR;
				CLANG_WARN_DOCUMENTATION_COMMENTS = YES;
				CLANG_WARN_EMPTY_BODY = YES;
				CLANG_WARN_ENUM_CONVERSION = YES;
				CLANG_WARN_INFINITE_RECURSION = YES;
				CLANG_WARN_INT_CONVERSION = YES;
				CLANG_WARN_NON_LITERAL_NULL_CONVERSION = YES;
				CLANG_WARN_OBJC_IMPLICIT_RETAIN_SELF = YES;
				CLANG_WARN_OBJC_LITERAL_CONVERSION = YES;
				CLANG_WARN_OBJC_ROOT_CLASS = YES_ERROR;
				CLANG_WARN_QUOTED_INCLUDE_IN_FRAMEWORK_HEADER = YES;
				CLANG_WARN_RANGE_LOOP_ANALYSIS = YES;
				CLANG_WARN_STRICT_PROTOTYPES = YES;
				CLANG_WARN_SUSPICIOUS_MOVE = YES;
				CLANG_WARN_UNGUARDED_AVAILABILITY = YES_AGGRESSIVE;
				CLANG_WARN_UNREACHABLE_CODE = YES;
				CLANG_WARN__DUPLICATE_METHOD_MATCH = YES;
				COPY_PHASE_STRIP = NO;
				DEBUG_INFORMATION_FORMAT = "dwarf-with-dsym";
				ENABLE_HARDENED_RUNTIME = YES;
				ENABLE_NS_ASSERTIONS = NO;
				ENABLE_STRICT_OBJC_MSGSEND = YES;
				GCC_C_LANGUAGE_STANDARD = gnu11;
				GCC_NO_COMMON_BLOCKS = YES;
				GCC_WARN_64_TO_32_BIT_CONVERSION = YES;
				GCC_WARN_ABOUT_RETURN_TYPE = YES_ERROR;
				GCC_WARN_UNDECLARED_SELECTOR = YES;
				GCC_WARN_UNINITIALIZED_AUTOS = YES_AGGRESSIVE;
				GCC_WARN_UNUSED_FUNCTION = YES;
				GCC_WARN_UNUSED_VARIABLE = YES;
				MACOSX_DEPLOYMENT_TARGET = 13.0;
				MTL_ENABLE_DEBUG_INFO = NO;
				MTL_FAST_MATH = YES;
				PRODUCT_NAME = "$(TARGET_NAME)";
				SDKROOT = macosx;
				SWIFT_COMPILATION_MODE = wholemodule;
				SWIFT_OPTIMIZATION_LEVEL = "-O";
				SWIFT_VERSION = 5.9;
			};
			name = Release;
		};
/* End XCBuildConfiguration section */

/* Begin XCConfigurationList section */
		2F25EFED198917DB1F7EEAC4 /* Build configuration list for PBXNativeTarget "Skimap" */ = {
			isa = XCConfigurationList;
			buildConfigurations = (
				0D2A3682CF444D5B2A406E54 /* Debug */,
				9EDDF0B97B7C125D1DA69EAD /* Release */,
			);
			defaultConfigurationIsVisible = 0;
			defaultConfigurationName = Debug;
		};
		A92DBABE771848815D37B10A /* Build configuration list for PBXProject "Skimap" */ = {
			isa = XCConfigurationList;
			buildConfigurations = (
				194BC95F4D390FF704CE1D9C /* Debug */,
				E842C404556E5FF95C566D78 /* Release */,
			);
			defaultConfigurationIsVisible = 0;
			defaultConfigurationName = Debug;
		};
/* End XCConfigurationList section */
	};
	rootObject = 377BD757ABF8DBFC4E3D3993 /* Project object */;
}
